{
  "name": "2d-isometric",
  "version": "1.0.0",
  "lockfileVersion": 2,
  "requires": true,
  "packages": {
    "": {
      "version": "1.0.0",
      "license": "MIT",
      "dependencies": {
        "esbuild": "^0.8.49",
        "preact": "^10.5.12"
      }
    },
    "node_modules/esbuild": {
      "version": "0.8.49",
      "resolved": "https://registry.npmjs.org/esbuild/-/esbuild-0.8.49.tgz",
      "integrity": "sha512-itiFVYv5UZz4NooO7/Y0bRGVDGz/M/cxKbl6zyNI5pnKaz1mZjvZXAFhhDVz6rGCmcdTKj5oag6rh8DaaSSmfQ==",
      "bin": {
        "esbuild": "bin/esbuild"
      }
    },
    "node_modules/preact": {
      "version": "10.5.12",
      "resolved": "https://registry.npmjs.org/preact/-/preact-10.5.12.tgz",
      "integrity": "sha512-r6siDkuD36oszwlCkcqDJCAKBQxGoeEGytw2DGMD5A/GGdu5Tymw+N2OBXwvOLxg6d1FeY8MgMV3cc5aVQo4Cg==",
      "funding": {
        "type": "opencollective",
        "url": "https://opencollective.com/preact"
      }
    }
  },
  "dependencies": {
    "esbuild": {
      "version": "0.8.49",
      "resolved": "https://registry.npmjs.org/esbuild/-/esbuild-0.8.49.tgz",
      "integrity": "sha512-itiFVYv5UZz4NooO7/Y0bRGVDGz/M/cxKbl6zyNI5pnKaz1mZjvZXAFhhDVz6rGCmcdTKj5oag6rh8DaaSSmfQ=="
    },
    "preact": {
      "version": "10.5.12",
      "resolved": "https://registry.npmjs.org/preact/-/preact-10.5.12.tgz",
      "integrity": "sha512-r6siDkuD36oszwlCkcqDJCAKBQxGoeEGytw2DGMD5A/GGdu5Tymw+N2OBXwvOLxg6d1FeY8MgMV3cc5aVQo4Cg=="
    }
  }
}
